// !$*UTF8*$!
{
	archiveVersion = 1;
	classes = {
	};
	objectVersion = 50;
	objects = {

/* Begin PBXBuildFile section */
		825626C924C994DA0038D35A /* Runway+CoreDataClass.swift in Sources */ = {isa = PBXBuildFile; fileRef = 825E409724C8739C00B1CF3E /* Runway+CoreDataClass.swift */; };
		825626CA24C994DA0038D35A /* Runway+CoreDataProperties.swift in Sources */ = {isa = PBXBuildFile; fileRef = 825E409524C8739C00B1CF3E /* Runway+CoreDataProperties.swift */; };
		825626D124C9961A0038D35A /* Airport+CoreDataClass.swift in Sources */ = {isa = PBXBuildFile; fileRef = 825626CF24C9961A0038D35A /* Airport+CoreDataClass.swift */; };
		825626D224C9961A0038D35A /* Airport+CoreDataProperties.swift in Sources */ = {isa = PBXBuildFile; fileRef = 825626D024C9961A0038D35A /* Airport+CoreDataProperties.swift */; };
		825626D424C9B0260038D35A /* AddNewFlightViewController.swift in Sources */ = {isa = PBXBuildFile; fileRef = 825626D324C9B0260038D35A /* AddNewFlightViewController.swift */; };
		825626D724C9BDA50038D35A /* Time.swift in Sources */ = {isa = PBXBuildFile; fileRef = 825626D624C9BDA50038D35A /* Time.swift */; };
		825626DA24C9C4560038D35A /* FlightLog+CoreDataClass.swift in Sources */ = {isa = PBXBuildFile; fileRef = 825626D824C9C4560038D35A /* FlightLog+CoreDataClass.swift */; };
		825626DB24C9C4560038D35A /* FlightLog+CoreDataProperties.swift in Sources */ = {isa = PBXBuildFile; fileRef = 825626D924C9C4560038D35A /* FlightLog+CoreDataProperties.swift */; };
		825E408B24C8717F00B1CF3E /* API.swift in Sources */ = {isa = PBXBuildFile; fileRef = 825E408A24C8717F00B1CF3E /* API.swift */; };
		A1D60B9F24C7556500D9856B /* AppDelegate.swift in Sources */ = {isa = PBXBuildFile; fileRef = A1D60B9E24C7556500D9856B /* AppDelegate.swift */; };
		A1D60BA124C7556500D9856B /* SceneDelegate.swift in Sources */ = {isa = PBXBuildFile; fileRef = A1D60BA024C7556500D9856B /* SceneDelegate.swift */; };
		A1D60BA324C7556500D9856B /* ViewController.swift in Sources */ = {isa = PBXBuildFile; fileRef = A1D60BA224C7556500D9856B /* ViewController.swift */; };
		A1D60BA624C7556500D9856B /* Main.storyboard in Resources */ = {isa = PBXBuildFile; fileRef = A1D60BA424C7556500D9856B /* Main.storyboard */; };
		A1D60BA924C7556500D9856B /* FlightCoreData.xcdatamodeld in Sources */ = {isa = PBXBuildFile; fileRef = A1D60BA724C7556500D9856B /* FlightCoreData.xcdatamodeld */; };
		A1D60BAB24C7556800D9856B /* Assets.xcassets in Resources */ = {isa = PBXBuildFile; fileRef = A1D60BAA24C7556800D9856B /* Assets.xcassets */; };
		A1D60BAE24C7556800D9856B /* LaunchScreen.storyboard in Resources */ = {isa = PBXBuildFile; fileRef = A1D60BAC24C7556800D9856B /* LaunchScreen.storyboard */; };
		A1D60BB624C798B300D9856B /* CoreDataManager.swift in Sources */ = {isa = PBXBuildFile; fileRef = A1D60BB524C798B300D9856B /* CoreDataManager.swift */; };
		A1D60BB924C79E9200D9856B /* AirPortModel.swift in Sources */ = {isa = PBXBuildFile; fileRef = A1D60BB824C79E9200D9856B /* AirPortModel.swift */; };
		A1D60BBC24C79EDC00D9856B /* MockedJsonDataParser.swift in Sources */ = {isa = PBXBuildFile; fileRef = A1D60BBB24C79EDC00D9856B /* MockedJsonDataParser.swift */; };
		A1D60BBE24C79F6400D9856B /* AirportMocked.json in Resources */ = {isa = PBXBuildFile; fileRef = A1D60BBD24C79F6400D9856B /* AirportMocked.json */; };
/* End PBXBuildFile section */

/* Begin PBXFileReference section */
		825626CF24C9961A0038D35A /* Airport+CoreDataClass.swift */ = {isa = PBXFileReference; lastKnownFileType = sourcecode.swift; path = "Airport+CoreDataClass.swift"; sourceTree = SOURCE_ROOT; };
		825626D024C9961A0038D35A /* Airport+CoreDataProperties.swift */ = {isa = PBXFileReference; lastKnownFileType = sourcecode.swift; path = "Airport+CoreDataProperties.swift"; sourceTree = SOURCE_ROOT; };
		825626D324C9B0260038D35A /* AddNewFlightViewController.swift */ = {isa = PBXFileReference; lastKnownFileType = sourcecode.swift; path = AddNewFlightViewController.swift; sourceTree = "<group>"; };
		825626D624C9BDA50038D35A /* Time.swift */ = {isa = PBXFileReference; lastKnownFileType = sourcecode.swift; path = Time.swift; sourceTree = "<group>"; };
		825626D824C9C4560038D35A /* FlightLog+CoreDataClass.swift */ = {isa = PBXFileReference; lastKnownFileType = sourcecode.swift; path = "FlightLog+CoreDataClass.swift"; sourceTree = SOURCE_ROOT; };
		825626D924C9C4560038D35A /* FlightLog+CoreDataProperties.swift */ = {isa = PBXFileReference; lastKnownFileType = sourcecode.swift; path = "FlightLog+CoreDataProperties.swift"; sourceTree = SOURCE_ROOT; };
		825E408A24C8717F00B1CF3E /* API.swift */ = {isa = PBXFileReference; lastKnownFileType = sourcecode.swift; path = API.swift; sourceTree = "<group>"; };
		825E409524C8739C00B1CF3E /* Runway+CoreDataProperties.swift */ = {isa = PBXFileReference; fileEncoding = 4; lastKnownFileType = sourcecode.swift; path = "Runway+CoreDataProperties.swift"; sourceTree = "<group>"; };
		825E409724C8739C00B1CF3E /* Runway+CoreDataClass.swift */ = {isa = PBXFileReference; fileEncoding = 4; lastKnownFileType = sourcecode.swift; path = "Runway+CoreDataClass.swift"; sourceTree = "<group>"; };
		A1D60B9B24C7556500D9856B /* FlightCoreData.app */ = {isa = PBXFileReference; explicitFileType = wrapper.application; includeInIndex = 0; path = FlightCoreData.app; sourceTree = BUILT_PRODUCTS_DIR; };
		A1D60B9E24C7556500D9856B /* AppDelegate.swift */ = {isa = PBXFileReference; lastKnownFileType = sourcecode.swift; path = AppDelegate.swift; sourceTree = "<group>"; };
		A1D60BA024C7556500D9856B /* SceneDelegate.swift */ = {isa = PBXFileReference; lastKnownFileType = sourcecode.swift; path = SceneDelegate.swift; sourceTree = "<group>"; };
		A1D60BA224C7556500D9856B /* ViewController.swift */ = {isa = PBXFileReference; lastKnownFileType = sourcecode.swift; path = ViewController.swift; sourceTree = "<group>"; };
		A1D60BA524C7556500D9856B /* Base */ = {isa = PBXFileReference; lastKnownFileType = file.storyboard; name = Base; path = Base.lproj/Main.storyboard; sourceTree = "<group>"; };
		A1D60BA824C7556500D9856B /* FlightCoreData.xcdatamodel */ = {isa = PBXFileReference; lastKnownFileType = wrapper.xcdatamodel; path = FlightCoreData.xcdatamodel; sourceTree = "<group>"; };
		A1D60BAA24C7556800D9856B /* Assets.xcassets */ = {isa = PBXFileReference; lastKnownFileType = folder.assetcatalog; path = Assets.xcassets; sourceTree = "<group>"; };
		A1D60BAD24C7556800D9856B /* Base */ = {isa = PBXFileReference; lastKnownFileType = file.storyboard; name = Base; path = Base.lproj/LaunchScreen.storyboard; sourceTree = "<group>"; };
		A1D60BAF24C7556800D9856B /* Info.plist */ = {isa = PBXFileReference; lastKnownFileType = text.plist.xml; path = Info.plist; sourceTree = "<group>"; };
		A1D60BB524C798B300D9856B /* CoreDataManager.swift */ = {isa = PBXFileReference; lastKnownFileType = sourcecode.swift; path = CoreDataManager.swift; sourceTree = "<group>"; };
		A1D60BB824C79E9200D9856B /* AirPortModel.swift */ = {isa = PBXFileReference; lastKnownFileType = sourcecode.swift; path = AirPortModel.swift; sourceTree = "<group>"; };
		A1D60BBB24C79EDC00D9856B /* MockedJsonDataParser.swift */ = {isa = PBXFileReference; lastKnownFileType = sourcecode.swift; path = MockedJsonDataParser.swift; sourceTree = "<group>"; };
		A1D60BBD24C79F6400D9856B /* AirportMocked.json */ = {isa = PBXFileReference; lastKnownFileType = text.json; path = AirportMocked.json; sourceTree = "<group>"; };
/* End PBXFileReference section */

/* Begin PBXFrameworksBuildPhase section */
		A1D60B9824C7556500D9856B /* Frameworks */ = {
			isa = PBXFrameworksBuildPhase;
			buildActionMask = 2147483647;
			files = (
			);
			runOnlyForDeploymentPostprocessing = 0;
		};
/* End PBXFrameworksBuildPhase section */

/* Begin PBXGroup section */
		825626D524C9BD970038D35A /* Utilities */ = {
			isa = PBXGroup;
			children = (
				825626D624C9BDA50038D35A /* Time.swift */,
			);
			path = Utilities;
			sourceTree = "<group>";
		};
		825E408024C870D200B1CF3E /* CDModel */ = {
			isa = PBXGroup;
			children = (
				825626D824C9C4560038D35A /* FlightLog+CoreDataClass.swift */,
				825626D924C9C4560038D35A /* FlightLog+CoreDataProperties.swift */,
				825626CF24C9961A0038D35A /* Airport+CoreDataClass.swift */,
				825626D024C9961A0038D35A /* Airport+CoreDataProperties.swift */,
				825E409724C8739C00B1CF3E /* Runway+CoreDataClass.swift */,
				825E409524C8739C00B1CF3E /* Runway+CoreDataProperties.swift */,
			);
			path = CDModel;
			sourceTree = "<group>";
		};
		825E408924C8716100B1CF3E /* API */ = {
			isa = PBXGroup;
			children = (
				825E408A24C8717F00B1CF3E /* API.swift */,
			);
			path = API;
			sourceTree = "<group>";
		};
		A1D60B9224C7556500D9856B = {
			isa = PBXGroup;
			children = (
				A1D60B9D24C7556500D9856B /* FlightCoreData */,
				A1D60B9C24C7556500D9856B /* Products */,
			);
			sourceTree = "<group>";
		};
		A1D60B9C24C7556500D9856B /* Products */ = {
			isa = PBXGroup;
			children = (
				A1D60B9B24C7556500D9856B /* FlightCoreData.app */,
			);
			name = Products;
			sourceTree = "<group>";
		};
		A1D60B9D24C7556500D9856B /* FlightCoreData */ = {
			isa = PBXGroup;
			children = (
				825626D524C9BD970038D35A /* Utilities */,
				825E408924C8716100B1CF3E /* API */,
				825E408024C870D200B1CF3E /* CDModel */,
				A1D60BBA24C79EC700D9856B /* Mocked */,
				A1D60BB724C79E6900D9856B /* Model */,
				A1D60B9E24C7556500D9856B /* AppDelegate.swift */,
				A1D60BA024C7556500D9856B /* SceneDelegate.swift */,
				825626D324C9B0260038D35A /* AddNewFlightViewController.swift */,
				A1D60BA224C7556500D9856B /* ViewController.swift */,
				A1D60BB524C798B300D9856B /* CoreDataManager.swift */,
				A1D60BA424C7556500D9856B /* Main.storyboard */,
				A1D60BAA24C7556800D9856B /* Assets.xcassets */,
				A1D60BAC24C7556800D9856B /* LaunchScreen.storyboard */,
				A1D60BAF24C7556800D9856B /* Info.plist */,
				A1D60BA724C7556500D9856B /* FlightCoreData.xcdatamodeld */,
			);
			path = FlightCoreData;
			sourceTree = "<group>";
		};
		A1D60BB724C79E6900D9856B /* Model */ = {
			isa = PBXGroup;
			children = (
				A1D60BB824C79E9200D9856B /* AirPortModel.swift */,
			);
			path = Model;
			sourceTree = "<group>";
		};
		A1D60BBA24C79EC700D9856B /* Mocked */ = {
			isa = PBXGroup;
			children = (
				A1D60BBB24C79EDC00D9856B /* MockedJsonDataParser.swift */,
				A1D60BBD24C79F6400D9856B /* AirportMocked.json */,
			);
			path = Mocked;
			sourceTree = "<group>";
		};
/* End PBXGroup section */

/* Begin PBXNativeTarget section */
		A1D60B9A24C7556500D9856B /* FlightCoreData */ = {
			isa = PBXNativeTarget;
			buildConfigurationList = A1D60BB224C7556800D9856B /* Build configuration list for PBXNativeTarget "FlightCoreData" */;
			buildPhases = (
				A1D60B9724C7556500D9856B /* Sources */,
				A1D60B9824C7556500D9856B /* Frameworks */,
				A1D60B9924C7556500D9856B /* Resources */,
			);
			buildRules = (
			);
			dependencies = (
			);
			name = FlightCoreData;
			productName = FlightCoreData;
			productReference = A1D60B9B24C7556500D9856B /* FlightCoreData.app */;
			productType = "com.apple.product-type.application";
		};
/* End PBXNativeTarget section */

/* Begin PBXProject section */
		A1D60B9324C7556500D9856B /* Project object */ = {
			isa = PBXProject;
			attributes = {
				LastSwiftUpdateCheck = 1140;
				LastUpgradeCheck = 1140;
				ORGANIZATIONNAME = "Ken 4B";
				TargetAttributes = {
					A1D60B9A24C7556500D9856B = {
						CreatedOnToolsVersion = 11.4;
					};
				};
			};
			buildConfigurationList = A1D60B9624C7556500D9856B /* Build configuration list for PBXProject "FlightCoreData" */;
			compatibilityVersion = "Xcode 9.3";
			developmentRegion = en;
			hasScannedForEncodings = 0;
			knownRegions = (
				en,
				Base,
			);
			mainGroup = A1D60B9224C7556500D9856B;
			productRefGroup = A1D60B9C24C7556500D9856B /* Products */;
			projectDirPath = "";
			projectRoot = "";
			targets = (
				A1D60B9A24C7556500D9856B /* FlightCoreData */,
			);
		};
/* End PBXProject section */

/* Begin PBXResourcesBuildPhase section */
		A1D60B9924C7556500D9856B /* Resources */ = {
			isa = PBXResourcesBuildPhase;
			buildActionMask = 2147483647;
			files = (
				A1D60BAE24C7556800D9856B /* LaunchScreen.storyboard in Resources */,
				A1D60BAB24C7556800D9856B /* Assets.xcassets in Resources */,
				A1D60BBE24C79F6400D9856B /* AirportMocked.json in Resources */,
				A1D60BA624C7556500D9856B /* Main.storyboard in Resources */,
			);
			runOnlyForDeploymentPostprocessing = 0;
		};
/* End PBXResourcesBuildPhase section */

/* Begin PBXSourcesBuildPhase section */
		A1D60B9724C7556500D9856B /* Sources */ = {
			isa = PBXSourcesBuildPhase;
			buildActionMask = 2147483647;
			files = (
				825626D124C9961A0038D35A /* Airport+CoreDataClass.swift in Sources */,
				A1D60BA924C7556500D9856B /* FlightCoreData.xcdatamodeld in Sources */,
				825626D724C9BDA50038D35A /* Time.swift in Sources */,
				A1D60BA324C7556500D9856B /* ViewController.swift in Sources */,
				A1D60B9F24C7556500D9856B /* AppDelegate.swift in Sources */,
				825626D224C9961A0038D35A /* Airport+CoreDataProperties.swift in Sources */,
				825626C924C994DA0038D35A /* Runway+CoreDataClass.swift in Sources */,
				825626DA24C9C4560038D35A /* FlightLog+CoreDataClass.swift in Sources */,
				825626DB24C9C4560038D35A /* FlightLog+CoreDataProperties.swift in Sources */,
				825626D424C9B0260038D35A /* AddNewFlightViewController.swift in Sources */,
				A1D60BB924C79E9200D9856B /* AirPortModel.swift in Sources */,
				A1D60BB624C798B300D9856B /* CoreDataManager.swift in Sources */,
				A1D60BBC24C79EDC00D9856B /* MockedJsonDataParser.swift in Sources */,
				825E408B24C8717F00B1CF3E /* API.swift in Sources */,
				A1D60BA124C7556500D9856B /* SceneDelegate.swift in Sources */,
				825626CA24C994DA0038D35A /* Runway+CoreDataProperties.swift in Sources */,
			);
			runOnlyForDeploymentPostprocessing = 0;
		};
/* End PBXSourcesBuildPhase section */

/* Begin PBXVariantGroup section */
		A1D60BA424C7556500D9856B /* Main.storyboard */ = {
			isa = PBXVariantGroup;
			children = (
				A1D60BA524C7556500D9856B /* Base */,
			);
			name = Main.storyboard;
			sourceTree = "<group>";
		};
		A1D60BAC24C7556800D9856B /* LaunchScreen.storyboard */ = {
			isa = PBXVariantGroup;
			children = (
				A1D60BAD24C7556800D9856B /* Base */,
			);
			name = LaunchScreen.storyboard;
			sourceTree = "<group>";
		};
/* End PBXVariantGroup section */

/* Begin XCBuildConfiguration section */
		A1D60BB024C7556800D9856B /* Debug */ = {
			isa = XCBuildConfiguration;
			buildSettings = {
				ALWAYS_SEARCH_USER_PATHS = NO;
				CLANG_ANALYZER_NONNULL = YES;
				CLANG_ANALYZER_NUMBER_OBJECT_CONVERSION = YES_AGGRESSIVE;
				CLANG_CXX_LANGUAGE_STANDARD = "gnu++14";
				CLANG_CXX_LIBRARY = "libc++";
				CLANG_ENABLE_MODULES = YES;
				CLANG_ENABLE_OBJC_ARC = YES;
				CLANG_ENABLE_OBJC_WEAK = YES;
				CLANG_WARN_BLOCK_CAPTURE_AUTORELEASING = YES;
				CLANG_WARN_BOOL_CONVERSION = YES;
				CLANG_WARN_COMMA = YES;
				CLANG_WARN_CONSTANT_CONVERSION = YES;
				CLANG_WARN_DEPRECATED_OBJC_IMPLEMENTATIONS = YES;
				CLANG_WARN_DIRECT_OBJC_ISA_USAGE = YES_ERROR;
				CLANG_WARN_DOCUMENTATION_COMMENTS = YES;
				CLANG_WARN_EMPTY_BODY = YES;
				CLANG_WARN_ENUM_CONVERSION = YES;
				CLANG_WARN_INFINITE_RECURSION = YES;
				CLANG_WARN_INT_CONVERSION = YES;
				CLANG_WARN_NON_LITERAL_NULL_CONVERSION = YES;
				CLANG_WARN_OBJC_IMPLICIT_RETAIN_SELF = YES;
				CLANG_WARN_OBJC_LITERAL_CONVERSION = YES;
				CLANG_WARN_OBJC_ROOT_CLASS = YES_ERROR;
				CLANG_WARN_RANGE_LOOP_ANALYSIS = YES;
				CLANG_WARN_STRICT_PROTOTYPES = YES;
				CLANG_WARN_SUSPICIOUS_MOVE = YES;
				CLANG_WARN_UNGUARDED_AVAILABILITY = YES_AGGRESSIVE;
				CLANG_WARN_UNREACHABLE_CODE = YES;
				CLANG_WARN__DUPLICATE_METHOD_MATCH = YES;
				COPY_PHASE_STRIP = NO;
				DEBUG_INFORMATION_FORMAT = dwarf;
				ENABLE_STRICT_OBJC_MSGSEND = YES;
				ENABLE_TESTABILITY = YES;
				GCC_C_LANGUAGE_STANDARD = gnu11;
				GCC_DYNAMIC_NO_PIC = NO;
				GCC_NO_COMMON_BLOCKS = YES;
				GCC_OPTIMIZATION_LEVEL = 0;
				GCC_PREPROCESSOR_DEFINITIONS = (
					"DEBUG=1",
					"$(inherited)",
				);
				GCC_WARN_64_TO_32_BIT_CONVERSION = YES;
				GCC_WARN_ABOUT_RETURN_TYPE = YES_ERROR;
				GCC_WARN_UNDECLARED_SELECTOR = YES;
				GCC_WARN_UNINITIALIZED_AUTOS = YES_AGGRESSIVE;
				GCC_WARN_UNUSED_FUNCTION = YES;
				GCC_WARN_UNUSED_VARIABLE = YES;
				IPHONEOS_DEPLOYMENT_TARGET = 13.4;
				MTL_ENABLE_DEBUG_INFO = INCLUDE_SOURCE;
				MTL_FAST_MATH = YES;
				ONLY_ACTIVE_ARCH = YES;
				SDKROOT = iphoneos;
				SWIFT_ACTIVE_COMPILATION_CONDITIONS = DEBUG;
				SWIFT_OPTIMIZATION_LEVEL = "-Onone";
			};
			name = Debug;
		};
		A1D60BB124C7556800D9856B /* Release */ = {
			isa = XCBuildConfiguration;
			buildSettings = {
				ALWAYS_SEARCH_USER_PATHS = NO;
				CLANG_ANALYZER_NONNULL = YES;
				CLANG_ANALYZER_NUMBER_OBJECT_CONVERSION = YES_AGGRESSIVE;
				CLANG_CXX_LANGUAGE_STANDARD = "gnu++14";
				CLANG_CXX_LIBRARY = "libc++";
				CLANG_ENABLE_MODULES = YES;
				CLANG_ENABLE_OBJC_ARC = YES;
				CLANG_ENABLE_OBJC_WEAK = YES;
				CLANG_WARN_BLOCK_CAPTURE_AUTORELEASING = YES;
				CLANG_WARN_BOOL_CONVERSION = YES;
				CLANG_WARN_COMMA = YES;
				CLANG_WARN_CONSTANT_CONVERSION = YES;
				CLANG_WARN_DEPRECATED_OBJC_IMPLEMENTATIONS = YES;
				CLANG_WARN_DIRECT_OBJC_ISA_USAGE = YES_ERROR;
				CLANG_WARN_DOCUMENTATION_COMMENTS = YES;
				CLANG_WARN_EMPTY_BODY = YES;
				CLANG_WARN_ENUM_CONVERSION = YES;
				CLANG_WARN_INFINITE_RECURSION = YES;
				CLANG_WARN_INT_CONVERSION = YES;
				CLANG_WARN_NON_LITERAL_NULL_CONVERSION = YES;
				CLANG_WARN_OBJC_IMPLICIT_RETAIN_SELF = YES;
				CLANG_WARN_OBJC_LITERAL_CONVERSION = YES;
				CLANG_WARN_OBJC_ROOT_CLASS = YES_ERROR;
				CLANG_WARN_RANGE_LOOP_ANALYSIS = YES;
				CLANG_WARN_STRICT_PROTOTYPES = YES;
				CLANG_WARN_SUSPICIOUS_MOVE = YES;
				CLANG_WARN_UNGUARDED_AVAILABILITY = YES_AGGRESSIVE;
				CLANG_WARN_UNREACHABLE_CODE = YES;
				CLANG_WARN__DUPLICATE_METHOD_MATCH = YES;
				COPY_PHASE_STRIP = NO;
				DEBUG_INFORMATION_FORMAT = "dwarf-with-dsym";
				ENABLE_NS_ASSERTIONS = NO;
				ENABLE_STRICT_OBJC_MSGSEND = YES;
				GCC_C_LANGUAGE_STANDARD = gnu11;
				GCC_NO_COMMON_BLOCKS = YES;
				GCC_WARN_64_TO_32_BIT_CONVERSION = YES;
				GCC_WARN_ABOUT_RETURN_TYPE = YES_ERROR;
				GCC_WARN_UNDECLARED_SELECTOR = YES;
				GCC_WARN_UNINITIALIZED_AUTOS = YES_AGGRESSIVE;
				GCC_WARN_UNUSED_FUNCTION = YES;
				GCC_WARN_UNUSED_VARIABLE = YES;
				IPHONEOS_DEPLOYMENT_TARGET = 13.4;
				MTL_ENABLE_DEBUG_INFO = NO;
				MTL_FAST_MATH = YES;
				SDKROOT = iphoneos;
				SWIFT_COMPILATION_MODE = wholemodule;
				SWIFT_OPTIMIZATION_LEVEL = "-O";
				VALIDATE_PRODUCT = YES;
			};
			name = Release;
		};
		A1D60BB324C7556800D9856B /* Debug */ = {
			isa = XCBuildConfiguration;
			buildSettings = {
				ASSETCATALOG_COMPILER_APPICON_NAME = AppIcon;
				CODE_SIGN_STYLE = Automatic;
				INFOPLIST_FILE = FlightCoreData/Info.plist;
				LD_RUNPATH_SEARCH_PATHS = (
					"$(inherited)",
					"@executable_path/Frameworks",
				);
				PRODUCT_BUNDLE_IDENTIFIER = com.FlightCoreData;
				PRODUCT_NAME = "$(TARGET_NAME)";
				SWIFT_VERSION = 5.0;
				TARGETED_DEVICE_FAMILY = "1,2";
			};
			name = Debug;
		};
		A1D60BB424C7556800D9856B /* Release */ = {
			isa = XCBuildConfiguration;
			buildSettings = {
				ASSETCATALOG_COMPILER_APPICON_NAME = AppIcon;
				CODE_SIGN_STYLE = Automatic;
				INFOPLIST_FILE = FlightCoreData/Info.plist;
				LD_RUNPATH_SEARCH_PATHS = (
					"$(inherited)",
					"@executable_path/Frameworks",
				);
				PRODUCT_BUNDLE_IDENTIFIER = com.FlightCoreData;
				PRODUCT_NAME = "$(TARGET_NAME)";
				SWIFT_VERSION = 5.0;
				TARGETED_DEVICE_FAMILY = "1,2";
			};
			name = Release;
		};
/* End XCBuildConfiguration section */

/* Begin XCConfigurationList section */
		A1D60B9624C7556500D9856B /* Build configuration list for PBXProject "FlightCoreData" */ = {
			isa = XCConfigurationList;
			buildConfigurations = (
				A1D60BB024C7556800D9856B /* Debug */,
				A1D60BB124C7556800D9856B /* Release */,
			);
			defaultConfigurationIsVisible = 0;
			defaultConfigurationName = Release;
		};
		A1D60BB224C7556800D9856B /* Build configuration list for PBXNativeTarget "FlightCoreData" */ = {
			isa = XCConfigurationList;
			buildConfigurations = (
				A1D60BB324C7556800D9856B /* Debug */,
				A1D60BB424C7556800D9856B /* Release */,
			);
			defaultConfigurationIsVisible = 0;
			defaultConfigurationName = Release;
		};
/* End XCConfigurationList section */

/* Begin XCVersionGroup section */
		A1D60BA724C7556500D9856B /* FlightCoreData.xcdatamodeld */ = {
			isa = XCVersionGroup;
			children = (
				A1D60BA824C7556500D9856B /* FlightCoreData.xcdatamodel */,
			);
			currentVersion = A1D60BA824C7556500D9856B /* FlightCoreData.xcdatamodel */;
			path = FlightCoreData.xcdatamodeld;
			sourceTree = "<group>";
			versionGroupType = wrapper.xcdatamodel;
		};
/* End XCVersionGroup section */
	};
	rootObject = A1D60B9324C7556500D9856B /* Project object */;
}
